{
    "name": "tds-eclipse",
    "version": "11.4.0",
    "lockfileVersion": 1,
    "requires": true,
    "dependencies": {
        "@totvs/tds-da": {
            "version": "1.0.37",
            "resolved": "https://registry.npmjs.org/@totvs/tds-da/-/tds-da-1.0.37.tgz",
            "integrity": "sha512-1cDkwlMUdefxuFlI99LiCFcgub50fXeWeVck//ZF5GcjgMkpY/SpLkPlITI5wpHPnFGZsYaRe4eGPbM7DAPeWA=="
        },
        "@totvs/tds-ls": {
            "version": "1.0.42",
            "resolved": "https://registry.npmjs.org/@totvs/tds-ls/-/tds-ls-1.0.42.tgz",
            "integrity": "sha512-5/1q75T9RRzyxhQajylYaYlC4QbZagC6C9DuzsdMSBrdQj2mzg6jzg6W4fxAXFBps60WwgFmun43HmPXx/FWuw=="
        }
    }
}
