{
    "name": "tds-eclipse",
    "version": "11.4.0",
    "lockfileVersion": 1,
    "requires": true,
    "dependencies": {
        "@totvs/tds-da": {
            "version": "1.0.33",
            "resolved": "https://registry.npmjs.org/@totvs/tds-da/-/tds-da-1.0.33.tgz",
            "integrity": "sha512-2myz6taXts0oWntN5rvqLVrpkPXlCLCyQ+njqQcSHj5XuTECze9gV3ZG1uiBgoOI6toXJvsEFOhkX5g5rBDm4g=="
        },
        "@totvs/tds-ls": {
            "version": "1.0.38",
            "resolved": "https://registry.npmjs.org/@totvs/tds-ls/-/tds-ls-1.0.38.tgz",
            "integrity": "sha512-YB3ZIsDbjLkOJoCx3oYXNxONHi/yM0WQJgrgEZdIUL7lxrpWyPt1s+RaRJynGJ0FJWgymCZnVjvJGkynfe5yoQ=="
        }
    }
}
